
Microsoft Visual Studio Solution File, Format Version 12.00
# Visual Studio Version 17
VisualStudioVersion = 17.1.32228.430
MinimumVisualStudioVersion = 10.0.40219.1
Project("{FAE04EC0-301F-11D3-BF4B-00C04F79EFBC}") = "SarajevoEvents", "SarajevoEvents\SarajevoEvents.csproj", "{FF0E4847-28CC-4AD2-866A-B9395CD9FB39}"
EndProject
Global
	GlobalSection(SolutionConfigurationPlatforms) = preSolution
		Debug|Any CPU = Debug|Any CPU
		Release|Any CPU = Release|Any CPU
	EndGlobalSection
	GlobalSection(ProjectConfigurationPlatforms) = postSolution
		{FF0E4847-28CC-4AD2-866A-B9395CD9FB39}.Debug|Any CPU.ActiveCfg = Debug|Any CPU
		{FF0E4847-28CC-4AD2-866A-B9395CD9FB39}.Debug|Any CPU.Build.0 = Debug|Any CPU
		{FF0E4847-28CC-4AD2-866A-B9395CD9FB39}.Release|Any CPU.ActiveCfg = Release|Any CPU
		{FF0E4847-28CC-4AD2-866A-B9395CD9FB39}.Release|Any CPU.Build.0 = Release|Any CPU
	EndGlobalSection
	GlobalSection(SolutionProperties) = preSolution
		HideSolutionNode = FALSE
	EndGlobalSection
	GlobalSection(ExtensibilityGlobals) = postSolution
		SolutionGuid = {A2D35D34-32DC-4E54-803A-294E2F069E33}
	EndGlobalSection
EndGlobal
